// !$*UTF8*$!
{
	archiveVersion = 1;
	classes = {
	};
	objectVersion = 46;
	objects = {

/* Begin PBXBuildFile section */
		29C5304E762A36458C016AAB /* Pods_Swift_MVCUITests.framework in Frameworks */ = {isa = PBXBuildFile; fileRef = D2D2052A394B0A7FA530BCDB /* Pods_Swift_MVCUITests.framework */; };
		3F151418F51AD94D95FFEEA8 /* Pods_Swift_MVCTests.framework in Frameworks */ = {isa = PBXBuildFile; fileRef = FD833EADEC8939CA0985C60D /* Pods_Swift_MVCTests.framework */; };
		6BF0014F1D9A263A00538D24 /* AppDelegate.swift in Sources */ = {isa = PBXBuildFile; fileRef = 6BF0014E1D9A263A00538D24 /* AppDelegate.swift */; };
		6BF001511D9A263A00538D24 /* ViewController.swift in Sources */ = {isa = PBXBuildFile; fileRef = 6BF001501D9A263A00538D24 /* ViewController.swift */; };
		6BF001541D9A263A00538D24 /* Main.storyboard in Resources */ = {isa = PBXBuildFile; fileRef = 6BF001521D9A263A00538D24 /* Main.storyboard */; };
		6BF001561D9A263A00538D24 /* Assets.xcassets in Resources */ = {isa = PBXBuildFile; fileRef = 6BF001551D9A263A00538D24 /* Assets.xcassets */; };
		6BF001591D9A263A00538D24 /* LaunchScreen.storyboard in Resources */ = {isa = PBXBuildFile; fileRef = 6BF001571D9A263A00538D24 /* LaunchScreen.storyboard */; };
		6BF001641D9A263A00538D24 /* Swift_MVCTests.swift in Sources */ = {isa = PBXBuildFile; fileRef = 6BF001631D9A263A00538D24 /* Swift_MVCTests.swift */; };
		6BF0016F1D9A263A00538D24 /* Swift_MVCUITests.swift in Sources */ = {isa = PBXBuildFile; fileRef = 6BF0016E1D9A263A00538D24 /* Swift_MVCUITests.swift */; };
		6BF001801D9A27BC00538D24 /* URLS.swift in Sources */ = {isa = PBXBuildFile; fileRef = 6BF0017C1D9A27BC00538D24 /* URLS.swift */; };
		6BF001811D9A27BC00538D24 /* Services.swift in Sources */ = {isa = PBXBuildFile; fileRef = 6BF0017D1D9A27BC00538D24 /* Services.swift */; };
		6BF001821D9A27BC00538D24 /* AFApiClient.swift in Sources */ = {isa = PBXBuildFile; fileRef = 6BF0017E1D9A27BC00538D24 /* AFApiClient.swift */; };
		6BF001831D9A27BC00538D24 /* MovieData.swift in Sources */ = {isa = PBXBuildFile; fileRef = 6BF0017F1D9A27BC00538D24 /* MovieData.swift */; };
		B783EBD7B272AEDB6A2E6518 /* Pods_Swift_MVC.framework in Frameworks */ = {isa = PBXBuildFile; fileRef = D73A4F271A555756BDA4E8F4 /* Pods_Swift_MVC.framework */; };
/* End PBXBuildFile section */

/* Begin PBXContainerItemProxy section */
		6BF001601D9A263A00538D24 /* PBXContainerItemProxy */ = {
			isa = PBXContainerItemProxy;
			containerPortal = 6BF001431D9A263A00538D24 /* Project object */;
			proxyType = 1;
			remoteGlobalIDString = 6BF0014A1D9A263A00538D24;
			remoteInfo = "Swift-MVC";
		};
		6BF0016B1D9A263A00538D24 /* PBXContainerItemProxy */ = {
			isa = PBXContainerItemProxy;
			containerPortal = 6BF001431D9A263A00538D24 /* Project object */;
			proxyType = 1;
			remoteGlobalIDString = 6BF0014A1D9A263A00538D24;
			remoteInfo = "Swift-MVC";
		};
/* End PBXContainerItemProxy section */

/* Begin PBXFileReference section */
		10FBC7BBE7CFB45351E83F0B /* Pods-Swift-MVCTests.debug.xcconfig */ = {isa = PBXFileReference; includeInIndex = 1; lastKnownFileType = text.xcconfig; name = "Pods-Swift-MVCTests.debug.xcconfig"; path = "Pods/Target Support Files/Pods-Swift-MVCTests/Pods-Swift-MVCTests.debug.xcconfig"; sourceTree = "<group>"; };
		4087C616AE6272A0C9331DCA /* Pods-Swift-MVCUITests.debug.xcconfig */ = {isa = PBXFileReference; includeInIndex = 1; lastKnownFileType = text.xcconfig; name = "Pods-Swift-MVCUITests.debug.xcconfig"; path = "Pods/Target Support Files/Pods-Swift-MVCUITests/Pods-Swift-MVCUITests.debug.xcconfig"; sourceTree = "<group>"; };
		6BF0014B1D9A263A00538D24 /* Swift-MVC.app */ = {isa = PBXFileReference; explicitFileType = wrapper.application; includeInIndex = 0; path = "Swift-MVC.app"; sourceTree = BUILT_PRODUCTS_DIR; };
		6BF0014E1D9A263A00538D24 /* AppDelegate.swift */ = {isa = PBXFileReference; lastKnownFileType = sourcecode.swift; path = AppDelegate.swift; sourceTree = "<group>"; };
		6BF001501D9A263A00538D24 /* ViewController.swift */ = {isa = PBXFileReference; lastKnownFileType = sourcecode.swift; path = ViewController.swift; sourceTree = "<group>"; };
		6BF001531D9A263A00538D24 /* Base */ = {isa = PBXFileReference; lastKnownFileType = file.storyboard; name = Base; path = Base.lproj/Main.storyboard; sourceTree = "<group>"; };
		6BF001551D9A263A00538D24 /* Assets.xcassets */ = {isa = PBXFileReference; lastKnownFileType = folder.assetcatalog; path = Assets.xcassets; sourceTree = "<group>"; };
		6BF001581D9A263A00538D24 /* Base */ = {isa = PBXFileReference; lastKnownFileType = file.storyboard; name = Base; path = Base.lproj/LaunchScreen.storyboard; sourceTree = "<group>"; };
		6BF0015A1D9A263A00538D24 /* Info.plist */ = {isa = PBXFileReference; lastKnownFileType = text.plist.xml; path = Info.plist; sourceTree = "<group>"; };
		6BF0015F1D9A263A00538D24 /* Swift-MVCTests.xctest */ = {isa = PBXFileReference; explicitFileType = wrapper.cfbundle; includeInIndex = 0; path = "Swift-MVCTests.xctest"; sourceTree = BUILT_PRODUCTS_DIR; };
		6BF001631D9A263A00538D24 /* Swift_MVCTests.swift */ = {isa = PBXFileReference; lastKnownFileType = sourcecode.swift; path = Swift_MVCTests.swift; sourceTree = "<group>"; };
		6BF001651D9A263A00538D24 /* Info.plist */ = {isa = PBXFileReference; lastKnownFileType = text.plist.xml; path = Info.plist; sourceTree = "<group>"; };
		6BF0016A1D9A263A00538D24 /* Swift-MVCUITests.xctest */ = {isa = PBXFileReference; explicitFileType = wrapper.cfbundle; includeInIndex = 0; path = "Swift-MVCUITests.xctest"; sourceTree = BUILT_PRODUCTS_DIR; };
		6BF0016E1D9A263A00538D24 /* Swift_MVCUITests.swift */ = {isa = PBXFileReference; lastKnownFileType = sourcecode.swift; path = Swift_MVCUITests.swift; sourceTree = "<group>"; };
		6BF001701D9A263A00538D24 /* Info.plist */ = {isa = PBXFileReference; lastKnownFileType = text.plist.xml; path = Info.plist; sourceTree = "<group>"; };
		6BF0017C1D9A27BC00538D24 /* URLS.swift */ = {isa = PBXFileReference; fileEncoding = 4; lastKnownFileType = sourcecode.swift; path = URLS.swift; sourceTree = "<group>"; };
		6BF0017D1D9A27BC00538D24 /* Services.swift */ = {isa = PBXFileReference; fileEncoding = 4; lastKnownFileType = sourcecode.swift; path = Services.swift; sourceTree = "<group>"; };
		6BF0017E1D9A27BC00538D24 /* AFApiClient.swift */ = {isa = PBXFileReference; fileEncoding = 4; lastKnownFileType = sourcecode.swift; path = AFApiClient.swift; sourceTree = "<group>"; };
		6BF0017F1D9A27BC00538D24 /* MovieData.swift */ = {isa = PBXFileReference; fileEncoding = 4; lastKnownFileType = sourcecode.swift; path = MovieData.swift; sourceTree = "<group>"; };
		75516A92FD5D4A61D02BB7FE /* Pods-Swift-MVC.release.xcconfig */ = {isa = PBXFileReference; includeInIndex = 1; lastKnownFileType = text.xcconfig; name = "Pods-Swift-MVC.release.xcconfig"; path = "Pods/Target Support Files/Pods-Swift-MVC/Pods-Swift-MVC.release.xcconfig"; sourceTree = "<group>"; };
		A357E5C3FFDFDE878147B57D /* Pods-Swift-MVCTests.release.xcconfig */ = {isa = PBXFileReference; includeInIndex = 1; lastKnownFileType = text.xcconfig; name = "Pods-Swift-MVCTests.release.xcconfig"; path = "Pods/Target Support Files/Pods-Swift-MVCTests/Pods-Swift-MVCTests.release.xcconfig"; sourceTree = "<group>"; };
		C034E2B7B460716CC4434CBE /* Pods-Swift-MVCUITests.release.xcconfig */ = {isa = PBXFileReference; includeInIndex = 1; lastKnownFileType = text.xcconfig; name = "Pods-Swift-MVCUITests.release.xcconfig"; path = "Pods/Target Support Files/Pods-Swift-MVCUITests/Pods-Swift-MVCUITests.release.xcconfig"; sourceTree = "<group>"; };
		D2D2052A394B0A7FA530BCDB /* Pods_Swift_MVCUITests.framework */ = {isa = PBXFileReference; explicitFileType = wrapper.framework; includeInIndex = 0; path = Pods_Swift_MVCUITests.framework; sourceTree = BUILT_PRODUCTS_DIR; };
		D73A4F271A555756BDA4E8F4 /* Pods_Swift_MVC.framework */ = {isa = PBXFileReference; explicitFileType = wrapper.framework; includeInIndex = 0; path = Pods_Swift_MVC.framework; sourceTree = BUILT_PRODUCTS_DIR; };
		D8689957F649A6C2738EAB95 /* Pods-Swift-MVC.debug.xcconfig */ = {isa = PBXFileReference; includeInIndex = 1; lastKnownFileType = text.xcconfig; name = "Pods-Swift-MVC.debug.xcconfig"; path = "Pods/Target Support Files/Pods-Swift-MVC/Pods-Swift-MVC.debug.xcconfig"; sourceTree = "<group>"; };
		FD833EADEC8939CA0985C60D /* Pods_Swift_MVCTests.framework */ = {isa = PBXFileReference; explicitFileType = wrapper.framework; includeInIndex = 0; path = Pods_Swift_MVCTests.framework; sourceTree = BUILT_PRODUCTS_DIR; };
/* End PBXFileReference section */

/* Begin PBXFrameworksBuildPhase section */
		6BF001481D9A263A00538D24 /* Frameworks */ = {
			isa = PBXFrameworksBuildPhase;
			buildActionMask = 2147483647;
			files = (
				B783EBD7B272AEDB6A2E6518 /* Pods_Swift_MVC.framework in Frameworks */,
			);
			runOnlyForDeploymentPostprocessing = 0;
		};
		6BF0015C1D9A263A00538D24 /* Frameworks */ = {
			isa = PBXFrameworksBuildPhase;
			buildActionMask = 2147483647;
			files = (
				3F151418F51AD94D95FFEEA8 /* Pods_Swift_MVCTests.framework in Frameworks */,
			);
			runOnlyForDeploymentPostprocessing = 0;
		};
		6BF001671D9A263A00538D24 /* Frameworks */ = {
			isa = PBXFrameworksBuildPhase;
			buildActionMask = 2147483647;
			files = (
				29C5304E762A36458C016AAB /* Pods_Swift_MVCUITests.framework in Frameworks */,
			);
			runOnlyForDeploymentPostprocessing = 0;
		};
/* End PBXFrameworksBuildPhase section */

/* Begin PBXGroup section */
		2EB31CAF4AF3B1FA87428CA1 /* Pods */ = {
			isa = PBXGroup;
			children = (
				D8689957F649A6C2738EAB95 /* Pods-Swift-MVC.debug.xcconfig */,
				75516A92FD5D4A61D02BB7FE /* Pods-Swift-MVC.release.xcconfig */,
				10FBC7BBE7CFB45351E83F0B /* Pods-Swift-MVCTests.debug.xcconfig */,
				A357E5C3FFDFDE878147B57D /* Pods-Swift-MVCTests.release.xcconfig */,
				4087C616AE6272A0C9331DCA /* Pods-Swift-MVCUITests.debug.xcconfig */,
				C034E2B7B460716CC4434CBE /* Pods-Swift-MVCUITests.release.xcconfig */,
			);
			name = Pods;
			sourceTree = "<group>";
		};
		575B3B91E52E376F6F691F62 /* Frameworks */ = {
			isa = PBXGroup;
			children = (
				D73A4F271A555756BDA4E8F4 /* Pods_Swift_MVC.framework */,
				FD833EADEC8939CA0985C60D /* Pods_Swift_MVCTests.framework */,
				D2D2052A394B0A7FA530BCDB /* Pods_Swift_MVCUITests.framework */,
			);
			name = Frameworks;
			sourceTree = "<group>";
		};
		6BF001421D9A263A00538D24 = {
			isa = PBXGroup;
			children = (
				6BF0014D1D9A263A00538D24 /* Swift-MVC */,
				6BF001621D9A263A00538D24 /* Swift-MVCTests */,
				6BF0016D1D9A263A00538D24 /* Swift-MVCUITests */,
				6BF0014C1D9A263A00538D24 /* Products */,
				2EB31CAF4AF3B1FA87428CA1 /* Pods */,
				575B3B91E52E376F6F691F62 /* Frameworks */,
			);
			sourceTree = "<group>";
		};
		6BF0014C1D9A263A00538D24 /* Products */ = {
			isa = PBXGroup;
			children = (
				6BF0014B1D9A263A00538D24 /* Swift-MVC.app */,
				6BF0015F1D9A263A00538D24 /* Swift-MVCTests.xctest */,
				6BF0016A1D9A263A00538D24 /* Swift-MVCUITests.xctest */,
			);
			name = Products;
			sourceTree = "<group>";
		};
		6BF0014D1D9A263A00538D24 /* Swift-MVC */ = {
			isa = PBXGroup;
			children = (
				6BF0014E1D9A263A00538D24 /* AppDelegate.swift */,
				6BF001521D9A263A00538D24 /* Main.storyboard */,
				6BF001571D9A263A00538D24 /* LaunchScreen.storyboard */,
				6BF001551D9A263A00538D24 /* Assets.xcassets */,
				6BF001871D9A280200538D24 /* Constant */,
				6BF001841D9A27EA00538D24 /* Service */,
				6BF001851D9A27F100538D24 /* Model */,
				6BF001881D9A282A00538D24 /* View */,
				6BF001861D9A27F900538D24 /* Controller */,
				6BF0015A1D9A263A00538D24 /* Info.plist */,
			);
			path = "Swift-MVC";
			sourceTree = "<group>";
		};
		6BF001621D9A263A00538D24 /* Swift-MVCTests */ = {
			isa = PBXGroup;
			children = (
				6BF001631D9A263A00538D24 /* Swift_MVCTests.swift */,
				6BF001651D9A263A00538D24 /* Info.plist */,
			);
			path = "Swift-MVCTests";
			sourceTree = "<group>";
		};
		6BF0016D1D9A263A00538D24 /* Swift-MVCUITests */ = {
			isa = PBXGroup;
			children = (
				6BF0016E1D9A263A00538D24 /* Swift_MVCUITests.swift */,
				6BF001701D9A263A00538D24 /* Info.plist */,
			);
			path = "Swift-MVCUITests";
			sourceTree = "<group>";
		};
		6BF001841D9A27EA00538D24 /* Service */ = {
			isa = PBXGroup;
			children = (
				6BF0017D1D9A27BC00538D24 /* Services.swift */,
				6BF0017E1D9A27BC00538D24 /* AFApiClient.swift */,
			);
			name = Service;
			sourceTree = "<group>";
		};
		6BF001851D9A27F100538D24 /* Model */ = {
			isa = PBXGroup;
			children = (
				6BF0017F1D9A27BC00538D24 /* MovieData.swift */,
			);
			name = Model;
			sourceTree = "<group>";
		};
		6BF001861D9A27F900538D24 /* Controller */ = {
			isa = PBXGroup;
			children = (
				6BF001501D9A263A00538D24 /* ViewController.swift */,
			);
			name = Controller;
			sourceTree = "<group>";
		};
		6BF001871D9A280200538D24 /* Constant */ = {
			isa = PBXGroup;
			children = (
				6BF0017C1D9A27BC00538D24 /* URLS.swift */,
			);
			name = Constant;
			sourceTree = "<group>";
		};
		6BF001881D9A282A00538D24 /* View */ = {
			isa = PBXGroup;
			children = (
			);
			name = View;
			sourceTree = "<group>";
		};
/* End PBXGroup section */

/* Begin PBXNativeTarget section */
		6BF0014A1D9A263A00538D24 /* Swift-MVC */ = {
			isa = PBXNativeTarget;
			buildConfigurationList = 6BF001731D9A263A00538D24 /* Build configuration list for PBXNativeTarget "Swift-MVC" */;
			buildPhases = (
				B611B8D0D6E2AACDD504AD71 /* [CP] Check Pods Manifest.lock */,
				6BF001471D9A263A00538D24 /* Sources */,
				6BF001481D9A263A00538D24 /* Frameworks */,
				6BF001491D9A263A00538D24 /* Resources */,
				AF9474FD68948478D60894E6 /* [CP] Embed Pods Frameworks */,
				972F5172649A56C87944E97F /* [CP] Copy Pods Resources */,
			);
			buildRules = (
			);
			dependencies = (
			);
			name = "Swift-MVC";
			productName = "Swift-MVC";
			productReference = 6BF0014B1D9A263A00538D24 /* Swift-MVC.app */;
			productType = "com.apple.product-type.application";
		};
		6BF0015E1D9A263A00538D24 /* Swift-MVCTests */ = {
			isa = PBXNativeTarget;
			buildConfigurationList = 6BF001761D9A263A00538D24 /* Build configuration list for PBXNativeTarget "Swift-MVCTests" */;
			buildPhases = (
				7DF34C397A1E9499947CBD4D /* [CP] Check Pods Manifest.lock */,
				6BF0015B1D9A263A00538D24 /* Sources */,
				6BF0015C1D9A263A00538D24 /* Frameworks */,
				6BF0015D1D9A263A00538D24 /* Resources */,
				88B25025AF34A4177EC712B8 /* [CP] Embed Pods Frameworks */,
				8B4E0FB0DF76B25849ACDD9F /* [CP] Copy Pods Resources */,
			);
			buildRules = (
			);
			dependencies = (
				6BF001611D9A263A00538D24 /* PBXTargetDependency */,
			);
			name = "Swift-MVCTests";
			productName = "Swift-MVCTests";
			productReference = 6BF0015F1D9A263A00538D24 /* Swift-MVCTests.xctest */;
			productType = "com.apple.product-type.bundle.unit-test";
		};
		6BF001691D9A263A00538D24 /* Swift-MVCUITests */ = {
			isa = PBXNativeTarget;
			buildConfigurationList = 6BF001791D9A263A00538D24 /* Build configuration list for PBXNativeTarget "Swift-MVCUITests" */;
			buildPhases = (
				8944A20D17B92A0308526BEC /* [CP] Check Pods Manifest.lock */,
				6BF001661D9A263A00538D24 /* Sources */,
				6BF001671D9A263A00538D24 /* Frameworks */,
				6BF001681D9A263A00538D24 /* Resources */,
				47E081CCE0F50FB0CC0D9BFD /* [CP] Copy Pods Resources */,
			);
			buildRules = (
			);
			dependencies = (
				6BF0016C1D9A263A00538D24 /* PBXTargetDependency */,
			);
			name = "Swift-MVCUITests";
			productName = "Swift-MVCUITests";
			productReference = 6BF0016A1D9A263A00538D24 /* Swift-MVCUITests.xctest */;
			productType = "com.apple.product-type.bundle.ui-testing";
		};
/* End PBXNativeTarget section */

/* Begin PBXProject section */
		6BF001431D9A263A00538D24 /* Project object */ = {
			isa = PBXProject;
			attributes = {
				LastSwiftUpdateCheck = 0730;
				LastUpgradeCheck = 0730;
				ORGANIZATIONNAME = AlfianAlfian;
				TargetAttributes = {
					6BF0014A1D9A263A00538D24 = {
						CreatedOnToolsVersion = 7.3;
					};
					6BF0015E1D9A263A00538D24 = {
						CreatedOnToolsVersion = 7.3;
						TestTargetID = 6BF0014A1D9A263A00538D24;
					};
					6BF001691D9A263A00538D24 = {
						CreatedOnToolsVersion = 7.3;
						TestTargetID = 6BF0014A1D9A263A00538D24;
					};
				};
			};
			buildConfigurationList = 6BF001461D9A263A00538D24 /* Build configuration list for PBXProject "Swift-MVC" */;
			compatibilityVersion = "Xcode 3.2";
			developmentRegion = English;
			hasScannedForEncodings = 0;
			knownRegions = (
				en,
				Base,
			);
			mainGroup = 6BF001421D9A263A00538D24;
			productRefGroup = 6BF0014C1D9A263A00538D24 /* Products */;
			projectDirPath = "";
			projectRoot = "";
			targets = (
				6BF0014A1D9A263A00538D24 /* Swift-MVC */,
				6BF0015E1D9A263A00538D24 /* Swift-MVCTests */,
				6BF001691D9A263A00538D24 /* Swift-MVCUITests */,
			);
		};
/* End PBXProject section */

/* Begin PBXResourcesBuildPhase section */
		6BF001491D9A263A00538D24 /* Resources */ = {
			isa = PBXResourcesBuildPhase;
			buildActionMask = 2147483647;
			files = (
				6BF001591D9A263A00538D24 /* LaunchScreen.storyboard in Resources */,
				6BF001561D9A263A00538D24 /* Assets.xcassets in Resources */,
				6BF001541D9A263A00538D24 /* Main.storyboard in Resources */,
			);
			runOnlyForDeploymentPostprocessing = 0;
		};
		6BF0015D1D9A263A00538D24 /* Resources */ = {
			isa = PBXResourcesBuildPhase;
			buildActionMask = 2147483647;
			files = (
			);
			runOnlyForDeploymentPostprocessing = 0;
		};
		6BF001681D9A263A00538D24 /* Resources */ = {
			isa = PBXResourcesBuildPhase;
			buildActionMask = 2147483647;
			files = (
			);
			runOnlyForDeploymentPostprocessing = 0;
		};
/* End PBXResourcesBuildPhase section */

/* Begin PBXShellScriptBuildPhase section */
		47E081CCE0F50FB0CC0D9BFD /* [CP] Copy Pods Resources */ = {
			isa = PBXShellScriptBuildPhase;
			buildActionMask = 2147483647;
			files = (
			);
			inputPaths = (
			);
			name = "[CP] Copy Pods Resources";
			outputPaths = (
			);
			runOnlyForDeploymentPostprocessing = 0;
			shellPath = /bin/sh;
			shellScript = "\"${SRCROOT}/Pods/Target Support Files/Pods-Swift-MVCUITests/Pods-Swift-MVCUITests-resources.sh\"\n";
			showEnvVarsInLog = 0;
		};
		7DF34C397A1E9499947CBD4D /* [CP] Check Pods Manifest.lock */ = {
			isa = PBXShellScriptBuildPhase;
			buildActionMask = 2147483647;
			files = (
			);
			inputPaths = (
			);
			name = "[CP] Check Pods Manifest.lock";
			outputPaths = (
			);
			runOnlyForDeploymentPostprocessing = 0;
			shellPath = /bin/sh;
			shellScript = "diff \"${PODS_ROOT}/../Podfile.lock\" \"${PODS_ROOT}/Manifest.lock\" > /dev/null\nif [[ $? != 0 ]] ; then\n    cat << EOM\nerror: The sandbox is not in sync with the Podfile.lock. Run 'pod install' or update your CocoaPods installation.\nEOM\n    exit 1\nfi\n";
			showEnvVarsInLog = 0;
		};
		88B25025AF34A4177EC712B8 /* [CP] Embed Pods Frameworks */ = {
			isa = PBXShellScriptBuildPhase;
			buildActionMask = 2147483647;
			files = (
			);
			inputPaths = (
			);
			name = "[CP] Embed Pods Frameworks";
			outputPaths = (
			);
			runOnlyForDeploymentPostprocessing = 0;
			shellPath = /bin/sh;
			shellScript = "\"${SRCROOT}/Pods/Target Support Files/Pods-Swift-MVCTests/Pods-Swift-MVCTests-frameworks.sh\"\n";
			showEnvVarsInLog = 0;
		};
		8944A20D17B92A0308526BEC /* [CP] Check Pods Manifest.lock */ = {
			isa = PBXShellScriptBuildPhase;
			buildActionMask = 2147483647;
			files = (
			);
			inputPaths = (
			);
			name = "[CP] Check Pods Manifest.lock";
			outputPaths = (
			);
			runOnlyForDeploymentPostprocessing = 0;
			shellPath = /bin/sh;
			shellScript = "diff \"${PODS_ROOT}/../Podfile.lock\" \"${PODS_ROOT}/Manifest.lock\" > /dev/null\nif [[ $? != 0 ]] ; then\n    cat << EOM\nerror: The sandbox is not in sync with the Podfile.lock. Run 'pod install' or update your CocoaPods installation.\nEOM\n    exit 1\nfi\n";
			showEnvVarsInLog = 0;
		};
		8B4E0FB0DF76B25849ACDD9F /* [CP] Copy Pods Resources */ = {
			isa = PBXShellScriptBuildPhase;
			buildActionMask = 2147483647;
			files = (
			);
			inputPaths = (
			);
			name = "[CP] Copy Pods Resources";
			outputPaths = (
			);
			runOnlyForDeploymentPostprocessing = 0;
			shellPath = /bin/sh;
			shellScript = "\"${SRCROOT}/Pods/Target Support Files/Pods-Swift-MVCTests/Pods-Swift-MVCTests-resources.sh\"\n";
			showEnvVarsInLog = 0;
		};
		972F5172649A56C87944E97F /* [CP] Copy Pods Resources */ = {
			isa = PBXShellScriptBuildPhase;
			buildActionMask = 2147483647;
			files = (
			);
			inputPaths = (
			);
			name = "[CP] Copy Pods Resources";
			outputPaths = (
			);
			runOnlyForDeploymentPostprocessing = 0;
			shellPath = /bin/sh;
			shellScript = "\"${SRCROOT}/Pods/Target Support Files/Pods-Swift-MVC/Pods-Swift-MVC-resources.sh\"\n";
			showEnvVarsInLog = 0;
		};
		AF9474FD68948478D60894E6 /* [CP] Embed Pods Frameworks */ = {
			isa = PBXShellScriptBuildPhase;
			buildActionMask = 2147483647;
			files = (
			);
			inputPaths = (
			);
			name = "[CP] Embed Pods Frameworks";
			outputPaths = (
			);
			runOnlyForDeploymentPostprocessing = 0;
			shellPath = /bin/sh;
			shellScript = "\"${SRCROOT}/Pods/Target Support Files/Pods-Swift-MVC/Pods-Swift-MVC-frameworks.sh\"\n";
			showEnvVarsInLog = 0;
		};
		B611B8D0D6E2AACDD504AD71 /* [CP] Check Pods Manifest.lock */ = {
			isa = PBXShellScriptBuildPhase;
			buildActionMask = 2147483647;
			files = (
			);
			inputPaths = (
			);
			name = "[CP] Check Pods Manifest.lock";
			outputPaths = (
			);
			runOnlyForDeploymentPostprocessing = 0;
			shellPath = /bin/sh;
			shellScript = "diff \"${PODS_ROOT}/../Podfile.lock\" \"${PODS_ROOT}/Manifest.lock\" > /dev/null\nif [[ $? != 0 ]] ; then\n    cat << EOM\nerror: The sandbox is not in sync with the Podfile.lock. Run 'pod install' or update your CocoaPods installation.\nEOM\n    exit 1\nfi\n";
			showEnvVarsInLog = 0;
		};
/* End PBXShellScriptBuildPhase section */

/* Begin PBXSourcesBuildPhase section */
		6BF001471D9A263A00538D24 /* Sources */ = {
			isa = PBXSourcesBuildPhase;
			buildActionMask = 2147483647;
			files = (
				6BF001831D9A27BC00538D24 /* MovieData.swift in Sources */,
				6BF001511D9A263A00538D24 /* ViewController.swift in Sources */,
				6BF001811D9A27BC00538D24 /* Services.swift in Sources */,
				6BF001821D9A27BC00538D24 /* AFApiClient.swift in Sources */,
				6BF001801D9A27BC00538D24 /* URLS.swift in Sources */,
				6BF0014F1D9A263A00538D24 /* AppDelegate.swift in Sources */,
			);
			runOnlyForDeploymentPostprocessing = 0;
		};
		6BF0015B1D9A263A00538D24 /* Sources */ = {
			isa = PBXSourcesBuildPhase;
			buildActionMask = 2147483647;
			files = (
				6BF001641D9A263A00538D24 /* Swift_MVCTests.swift in Sources */,
			);
			runOnlyForDeploymentPostprocessing = 0;
		};
		6BF001661D9A263A00538D24 /* Sources */ = {
			isa = PBXSourcesBuildPhase;
			buildActionMask = 2147483647;
			files = (
				6BF0016F1D9A263A00538D24 /* Swift_MVCUITests.swift in Sources */,
			);
			runOnlyForDeploymentPostprocessing = 0;
		};
/* End PBXSourcesBuildPhase section */

/* Begin PBXTargetDependency section */
		6BF001611D9A263A00538D24 /* PBXTargetDependency */ = {
			isa = PBXTargetDependency;
			target = 6BF0014A1D9A263A00538D24 /* Swift-MVC */;
			targetProxy = 6BF001601D9A263A00538D24 /* PBXContainerItemProxy */;
		};
		6BF0016C1D9A263A00538D24 /* PBXTargetDependency */ = {
			isa = PBXTargetDependency;
			target = 6BF0014A1D9A263A00538D24 /* Swift-MVC */;
			targetProxy = 6BF0016B1D9A263A00538D24 /* PBXContainerItemProxy */;
		};
/* End PBXTargetDependency section */

/* Begin PBXVariantGroup section */
		6BF001521D9A263A00538D24 /* Main.storyboard */ = {
			isa = PBXVariantGroup;
			children = (
				6BF001531D9A263A00538D24 /* Base */,
			);
			name = Main.storyboard;
			sourceTree = "<group>";
		};
		6BF001571D9A263A00538D24 /* LaunchScreen.storyboard */ = {
			isa = PBXVariantGroup;
			children = (
				6BF001581D9A263A00538D24 /* Base */,
			);
			name = LaunchScreen.storyboard;
			sourceTree = "<group>";
		};
/* End PBXVariantGroup section */

/* Begin XCBuildConfiguration section */
		6BF001711D9A263A00538D24 /* Debug */ = {
			isa = XCBuildConfiguration;
			buildSettings = {
				ALWAYS_SEARCH_USER_PATHS = NO;
				CLANG_ANALYZER_NONNULL = YES;
				CLANG_CXX_LANGUAGE_STANDARD = "gnu++0x";
				CLANG_CXX_LIBRARY = "libc++";
				CLANG_ENABLE_MODULES = YES;
				CLANG_ENABLE_OBJC_ARC = YES;
				CLANG_WARN_BOOL_CONVERSION = YES;
				CLANG_WARN_CONSTANT_CONVERSION = YES;
				CLANG_WARN_DIRECT_OBJC_ISA_USAGE = YES_ERROR;
				CLANG_WARN_EMPTY_BODY = YES;
				CLANG_WARN_ENUM_CONVERSION = YES;
				CLANG_WARN_INT_CONVERSION = YES;
				CLANG_WARN_OBJC_ROOT_CLASS = YES_ERROR;
				CLANG_WARN_UNREACHABLE_CODE = YES;
				CLANG_WARN__DUPLICATE_METHOD_MATCH = YES;
				"CODE_SIGN_IDENTITY[sdk=iphoneos*]" = "iPhone Developer";
				COPY_PHASE_STRIP = NO;
				DEBUG_INFORMATION_FORMAT = dwarf;
				ENABLE_STRICT_OBJC_MSGSEND = YES;
				ENABLE_TESTABILITY = YES;
				GCC_C_LANGUAGE_STANDARD = gnu99;
				GCC_DYNAMIC_NO_PIC = NO;
				GCC_NO_COMMON_BLOCKS = YES;
				GCC_OPTIMIZATION_LEVEL = 0;
				GCC_PREPROCESSOR_DEFINITIONS = (
					"DEBUG=1",
					"$(inherited)",
				);
				GCC_WARN_64_TO_32_BIT_CONVERSION = YES;
				GCC_WARN_ABOUT_RETURN_TYPE = YES_ERROR;
				GCC_WARN_UNDECLARED_SELECTOR = YES;
				GCC_WARN_UNINITIALIZED_AUTOS = YES_AGGRESSIVE;
				GCC_WARN_UNUSED_FUNCTION = YES;
				GCC_WARN_UNUSED_VARIABLE = YES;
				IPHONEOS_DEPLOYMENT_TARGET = 9.3;
				MTL_ENABLE_DEBUG_INFO = YES;
				ONLY_ACTIVE_ARCH = YES;
				SDKROOT = iphoneos;
				SWIFT_OPTIMIZATION_LEVEL = "-Onone";
			};
			name = Debug;
		};
		6BF001721D9A263A00538D24 /* Release */ = {
			isa = XCBuildConfiguration;
			buildSettings = {
				ALWAYS_SEARCH_USER_PATHS = NO;
				CLANG_ANALYZER_NONNULL = YES;
				CLANG_CXX_LANGUAGE_STANDARD = "gnu++0x";
				CLANG_CXX_LIBRARY = "libc++";
				CLANG_ENABLE_MODULES = YES;
				CLANG_ENABLE_OBJC_ARC = YES;
				CLANG_WARN_BOOL_CONVERSION = YES;
				CLANG_WARN_CONSTANT_CONVERSION = YES;
				CLANG_WARN_DIRECT_OBJC_ISA_USAGE = YES_ERROR;
				CLANG_WARN_EMPTY_BODY = YES;
				CLANG_WARN_ENUM_CONVERSION = YES;
				CLANG_WARN_INT_CONVERSION = YES;
				CLANG_WARN_OBJC_ROOT_CLASS = YES_ERROR;
				CLANG_WARN_UNREACHABLE_CODE = YES;
				CLANG_WARN__DUPLICATE_METHOD_MATCH = YES;
				"CODE_SIGN_IDENTITY[sdk=iphoneos*]" = "iPhone Developer";
				COPY_PHASE_STRIP = NO;
				DEBUG_INFORMATION_FORMAT = "dwarf-with-dsym";
				ENABLE_NS_ASSERTIONS = NO;
				ENABLE_STRICT_OBJC_MSGSEND = YES;
				GCC_C_LANGUAGE_STANDARD = gnu99;
				GCC_NO_COMMON_BLOCKS = YES;
				GCC_WARN_64_TO_32_BIT_CONVERSION = YES;
				GCC_WARN_ABOUT_RETURN_TYPE = YES_ERROR;
				GCC_WARN_UNDECLARED_SELECTOR = YES;
				GCC_WARN_UNINITIALIZED_AUTOS = YES_AGGRESSIVE;
				GCC_WARN_UNUSED_FUNCTION = YES;
				GCC_WARN_UNUSED_VARIABLE = YES;
				IPHONEOS_DEPLOYMENT_TARGET = 9.3;
				MTL_ENABLE_DEBUG_INFO = NO;
				SDKROOT = iphoneos;
				VALIDATE_PRODUCT = YES;
			};
			name = Release;
		};
		6BF001741D9A263A00538D24 /* Debug */ = {
			isa = XCBuildConfiguration;
			baseConfigurationReference = D8689957F649A6C2738EAB95 /* Pods-Swift-MVC.debug.xcconfig */;
			buildSettings = {
				ASSETCATALOG_COMPILER_APPICON_NAME = AppIcon;
				INFOPLIST_FILE = "Swift-MVC/Info.plist";
				LD_RUNPATH_SEARCH_PATHS = "$(inherited) @executable_path/Frameworks";
				PRODUCT_BUNDLE_IDENTIFIER = "alfian.Swift-MVC";
				PRODUCT_NAME = "$(TARGET_NAME)";
			};
			name = Debug;
		};
		6BF001751D9A263A00538D24 /* Release */ = {
			isa = XCBuildConfiguration;
			baseConfigurationReference = 75516A92FD5D4A61D02BB7FE /* Pods-Swift-MVC.release.xcconfig */;
			buildSettings = {
				ASSETCATALOG_COMPILER_APPICON_NAME = AppIcon;
				INFOPLIST_FILE = "Swift-MVC/Info.plist";
				LD_RUNPATH_SEARCH_PATHS = "$(inherited) @executable_path/Frameworks";
				PRODUCT_BUNDLE_IDENTIFIER = "alfian.Swift-MVC";
				PRODUCT_NAME = "$(TARGET_NAME)";
			};
			name = Release;
		};
		6BF001771D9A263A00538D24 /* Debug */ = {
			isa = XCBuildConfiguration;
			baseConfigurationReference = 10FBC7BBE7CFB45351E83F0B /* Pods-Swift-MVCTests.debug.xcconfig */;
			buildSettings = {
				BUNDLE_LOADER = "$(TEST_HOST)";
				INFOPLIST_FILE = "Swift-MVCTests/Info.plist";
				LD_RUNPATH_SEARCH_PATHS = "$(inherited) @executable_path/Frameworks @loader_path/Frameworks";
				PRODUCT_BUNDLE_IDENTIFIER = "alfian.Swift-MVCTests";
				PRODUCT_NAME = "$(TARGET_NAME)";
				TEST_HOST = "$(BUILT_PRODUCTS_DIR)/Swift-MVC.app/Swift-MVC";
			};
			name = Debug;
		};
		6BF001781D9A263A00538D24 /* Release */ = {
			isa = XCBuildConfiguration;
			baseConfigurationReference = A357E5C3FFDFDE878147B57D /* Pods-Swift-MVCTests.release.xcconfig */;
			buildSettings = {
				BUNDLE_LOADER = "$(TEST_HOST)";
				INFOPLIST_FILE = "Swift-MVCTests/Info.plist";
				LD_RUNPATH_SEARCH_PATHS = "$(inherited) @executable_path/Frameworks @loader_path/Frameworks";
				PRODUCT_BUNDLE_IDENTIFIER = "alfian.Swift-MVCTests";
				PRODUCT_NAME = "$(TARGET_NAME)";
				TEST_HOST = "$(BUILT_PRODUCTS_DIR)/Swift-MVC.app/Swift-MVC";
			};
			name = Release;
		};
		6BF0017A1D9A263A00538D24 /* Debug */ = {
			isa = XCBuildConfiguration;
			baseConfigurationReference = 4087C616AE6272A0C9331DCA /* Pods-Swift-MVCUITests.debug.xcconfig */;
			buildSettings = {
				INFOPLIST_FILE = "Swift-MVCUITests/Info.plist";
				LD_RUNPATH_SEARCH_PATHS = "$(inherited) @executable_path/Frameworks @loader_path/Frameworks";
				PRODUCT_BUNDLE_IDENTIFIER = "alfian.Swift-MVCUITests";
				PRODUCT_NAME = "$(TARGET_NAME)";
				TEST_TARGET_NAME = "Swift-MVC";
			};
			name = Debug;
		};
		6BF0017B1D9A263A00538D24 /* Release */ = {
			isa = XCBuildConfiguration;
			baseConfigurationReference = C034E2B7B460716CC4434CBE /* Pods-Swift-MVCUITests.release.xcconfig */;
			buildSettings = {
				INFOPLIST_FILE = "Swift-MVCUITests/Info.plist";
				LD_RUNPATH_SEARCH_PATHS = "$(inherited) @executable_path/Frameworks @loader_path/Frameworks";
				PRODUCT_BUNDLE_IDENTIFIER = "alfian.Swift-MVCUITests";
				PRODUCT_NAME = "$(TARGET_NAME)";
				TEST_TARGET_NAME = "Swift-MVC";
			};
			name = Release;
		};
/* End XCBuildConfiguration section */

/* Begin XCConfigurationList section */
		6BF001461D9A263A00538D24 /* Build configuration list for PBXProject "Swift-MVC" */ = {
			isa = XCConfigurationList;
			buildConfigurations = (
				6BF001711D9A263A00538D24 /* Debug */,
				6BF001721D9A263A00538D24 /* Release */,
			);
			defaultConfigurationIsVisible = 0;
			defaultConfigurationName = Release;
		};
		6BF001731D9A263A00538D24 /* Build configuration list for PBXNativeTarget "Swift-MVC" */ = {
			isa = XCConfigurationList;
			buildConfigurations = (
				6BF001741D9A263A00538D24 /* Debug */,
				6BF001751D9A263A00538D24 /* Release */,
			);
			defaultConfigurationIsVisible = 0;
			defaultConfigurationName = Release;
		};
		6BF001761D9A263A00538D24 /* Build configuration list for PBXNativeTarget "Swift-MVCTests" */ = {
			isa = XCConfigurationList;
			buildConfigurations = (
				6BF001771D9A263A00538D24 /* Debug */,
				6BF001781D9A263A00538D24 /* Release */,
			);
			defaultConfigurationIsVisible = 0;
			defaultConfigurationName = Release;
		};
		6BF001791D9A263A00538D24 /* Build configuration list for PBXNativeTarget "Swift-MVCUITests" */ = {
			isa = XCConfigurationList;
			buildConfigurations = (
				6BF0017A1D9A263A00538D24 /* Debug */,
				6BF0017B1D9A263A00538D24 /* Release */,
			);
			defaultConfigurationIsVisible = 0;
			defaultConfigurationName = Release;
		};
/* End XCConfigurationList section */
	};
	rootObject = 6BF001431D9A263A00538D24 /* Project object */;
}
